// !$*UTF8*$!
{
	archiveVersion = 1;
	classes = {
	};
	objectVersion = 50;
	objects = {

/* Begin PBXBuildFile section */
		F21FD8162696674600D40CC8 /* apito2.aiff in Resources */ = {isa = PBXBuildFile; fileRef = F21FD8112696674600D40CC8 /* apito2.aiff */; };
		F21FD8172696674600D40CC8 /* palmas.mp3 in Resources */ = {isa = PBXBuildFile; fileRef = F21FD8122696674600D40CC8 /* palmas.mp3 */; };
		F21FD8182696674600D40CC8 /* fundoGameSoccer.mp3 in Resources */ = {isa = PBXBuildFile; fileRef = F21FD8132696674600D40CC8 /* fundoGameSoccer.mp3 */; };
		F21FD8192696674600D40CC8 /* finalGame.wav in Resources */ = {isa = PBXBuildFile; fileRef = F21FD8142696674600D40CC8 /* finalGame.wav */; };
		F2AFBFE9266EA8290097F961 /* AppDelegate.swift in Sources */ = {isa = PBXBuildFile; fileRef = F2AFBFE8266EA8290097F961 /* AppDelegate.swift */; };
		F2AFBFEB266EA8290097F961 /* GameScene.sks in Resources */ = {isa = PBXBuildFile; fileRef = F2AFBFEA266EA8290097F961 /* GameScene.sks */; };
		F2AFBFED266EA8290097F961 /* Actions.sks in Resources */ = {isa = PBXBuildFile; fileRef = F2AFBFEC266EA8290097F961 /* Actions.sks */; };
		F2AFBFEF266EA8290097F961 /* GameScene.swift in Sources */ = {isa = PBXBuildFile; fileRef = F2AFBFEE266EA8290097F961 /* GameScene.swift */; };
		F2AFBFF1266EA8290097F961 /* GameViewController.swift in Sources */ = {isa = PBXBuildFile; fileRef = F2AFBFF0266EA8290097F961 /* GameViewController.swift */; };
		F2AFBFF4266EA8290097F961 /* Main.storyboard in Resources */ = {isa = PBXBuildFile; fileRef = F2AFBFF2266EA8290097F961 /* Main.storyboard */; };
		F2AFBFF6266EA82D0097F961 /* Assets.xcassets in Resources */ = {isa = PBXBuildFile; fileRef = F2AFBFF5266EA82D0097F961 /* Assets.xcassets */; };
		F2AFBFFF266EA8A50097F961 /* MenuScreen.swift in Sources */ = {isa = PBXBuildFile; fileRef = F2AFBFFE266EA8A50097F961 /* MenuScreen.swift */; };
/* End PBXBuildFile section */

/* Begin PBXFileReference section */
		F21FD8112696674600D40CC8 /* apito2.aiff */ = {isa = PBXFileReference; lastKnownFileType = audio.aiff; path = apito2.aiff; sourceTree = "<group>"; };
		F21FD8122696674600D40CC8 /* palmas.mp3 */ = {isa = PBXFileReference; lastKnownFileType = audio.mp3; path = palmas.mp3; sourceTree = "<group>"; };
		F21FD8132696674600D40CC8 /* fundoGameSoccer.mp3 */ = {isa = PBXFileReference; lastKnownFileType = audio.mp3; path = fundoGameSoccer.mp3; sourceTree = "<group>"; };
		F21FD8142696674600D40CC8 /* finalGame.wav */ = {isa = PBXFileReference; lastKnownFileType = audio.wav; path = finalGame.wav; sourceTree = "<group>"; };
		F2AFBFE5266EA8290097F961 /* TrabalhoJogos.app */ = {isa = PBXFileReference; explicitFileType = wrapper.application; includeInIndex = 0; path = TrabalhoJogos.app; sourceTree = BUILT_PRODUCTS_DIR; };
		F2AFBFE8266EA8290097F961 /* AppDelegate.swift */ = {isa = PBXFileReference; lastKnownFileType = sourcecode.swift; path = AppDelegate.swift; sourceTree = "<group>"; };
		F2AFBFEA266EA8290097F961 /* GameScene.sks */ = {isa = PBXFileReference; lastKnownFileType = file.sks; path = GameScene.sks; sourceTree = "<group>"; };
		F2AFBFEC266EA8290097F961 /* Actions.sks */ = {isa = PBXFileReference; lastKnownFileType = file.sks; path = Actions.sks; sourceTree = "<group>"; };
		F2AFBFEE266EA8290097F961 /* GameScene.swift */ = {isa = PBXFileReference; lastKnownFileType = sourcecode.swift; path = GameScene.swift; sourceTree = "<group>"; };
		F2AFBFF0266EA8290097F961 /* GameViewController.swift */ = {isa = PBXFileReference; lastKnownFileType = sourcecode.swift; path = GameViewController.swift; sourceTree = "<group>"; };
		F2AFBFF3266EA8290097F961 /* Base */ = {isa = PBXFileReference; lastKnownFileType = file.storyboard; name = Base; path = Base.lproj/Main.storyboard; sourceTree = "<group>"; };
		F2AFBFF5266EA82D0097F961 /* Assets.xcassets */ = {isa = PBXFileReference; lastKnownFileType = folder.assetcatalog; path = Assets.xcassets; sourceTree = "<group>"; };
		F2AFBFF7266EA82D0097F961 /* Info.plist */ = {isa = PBXFileReference; lastKnownFileType = text.plist.xml; path = Info.plist; sourceTree = "<group>"; };
		F2AFBFFE266EA8A50097F961 /* MenuScreen.swift */ = {isa = PBXFileReference; lastKnownFileType = sourcecode.swift; path = MenuScreen.swift; sourceTree = "<group>"; };
/* End PBXFileReference section */

/* Begin PBXFrameworksBuildPhase section */
		F2AFBFE2266EA8290097F961 /* Frameworks */ = {
			isa = PBXFrameworksBuildPhase;
			buildActionMask = 2147483647;
			files = (
			);
			runOnlyForDeploymentPostprocessing = 0;
		};
/* End PBXFrameworksBuildPhase section */

/* Begin PBXGroup section */
		F2AFBFDC266EA8280097F961 = {
			isa = PBXGroup;
			children = (
				F2AFBFE7266EA8290097F961 /* TrabalhoJogos */,
				F2AFBFE6266EA8290097F961 /* Products */,
			);
			sourceTree = "<group>";
		};
		F2AFBFE6266EA8290097F961 /* Products */ = {
			isa = PBXGroup;
			children = (
				F2AFBFE5266EA8290097F961 /* TrabalhoJogos.app */,
			);
			name = Products;
			sourceTree = "<group>";
		};
		F2AFBFE7266EA8290097F961 /* TrabalhoJogos */ = {
			isa = PBXGroup;
			children = (
				F2AFBFF0266EA8290097F961 /* GameViewController.swift */,
				F2AFBFFE266EA8A50097F961 /* MenuScreen.swift */,
				F2AFBFEE266EA8290097F961 /* GameScene.swift */,
				F2AFBFE8266EA8290097F961 /* AppDelegate.swift */,
				F2AFBFEA266EA8290097F961 /* GameScene.sks */,
				F2AFBFEC266EA8290097F961 /* Actions.sks */,
				F2AFBFF2266EA8290097F961 /* Main.storyboard */,
				F2AFBFF5266EA82D0097F961 /* Assets.xcassets */,
				F2AFBFF7266EA82D0097F961 /* Info.plist */,
				F21FD8112696674600D40CC8 /* apito2.aiff */,
				F21FD8142696674600D40CC8 /* finalGame.wav */,
				F21FD8132696674600D40CC8 /* fundoGameSoccer.mp3 */,
				F21FD8122696674600D40CC8 /* palmas.mp3 */,
			);
			path = TrabalhoJogos;
			sourceTree = "<group>";
		};
/* End PBXGroup section */

/* Begin PBXNativeTarget section */
		F2AFBFE4266EA8290097F961 /* TrabalhoJogos */ = {
			isa = PBXNativeTarget;
			buildConfigurationList = F2AFBFFA266EA82D0097F961 /* Build configuration list for PBXNativeTarget "TrabalhoJogos" */;
			buildPhases = (
				F2AFBFE1266EA8290097F961 /* Sources */,
				F2AFBFE2266EA8290097F961 /* Frameworks */,
				F2AFBFE3266EA8290097F961 /* Resources */,
			);
			buildRules = (
			);
			dependencies = (
			);
			name = TrabalhoJogos;
			productName = TrabalhoJogos;
			productReference = F2AFBFE5266EA8290097F961 /* TrabalhoJogos.app */;
			productType = "com.apple.product-type.application";
		};
/* End PBXNativeTarget section */

/* Begin PBXProject section */
		F2AFBFDD266EA8280097F961 /* Project object */ = {
			isa = PBXProject;
			attributes = {
				LastSwiftUpdateCheck = 1240;
				LastUpgradeCheck = 1240;
				TargetAttributes = {
					F2AFBFE4266EA8290097F961 = {
						CreatedOnToolsVersion = 12.4;
					};
				};
			};
			buildConfigurationList = F2AFBFE0266EA8280097F961 /* Build configuration list for PBXProject "TrabalhoJogos" */;
			compatibilityVersion = "Xcode 9.3";
			developmentRegion = en;
			hasScannedForEncodings = 0;
			knownRegions = (
				en,
				Base,
			);
			mainGroup = F2AFBFDC266EA8280097F961;
			productRefGroup = F2AFBFE6266EA8290097F961 /* Products */;
			projectDirPath = "";
			projectRoot = "";
			targets = (
				F2AFBFE4266EA8290097F961 /* TrabalhoJogos */,
			);
		};
/* End PBXProject section */

/* Begin PBXResourcesBuildPhase section */
		F2AFBFE3266EA8290097F961 /* Resources */ = {
			isa = PBXResourcesBuildPhase;
			buildActionMask = 2147483647;
			files = (
				F21FD8162696674600D40CC8 /* apito2.aiff in Resources */,
				F21FD8172696674600D40CC8 /* palmas.mp3 in Resources */,
				F2AFBFF4266EA8290097F961 /* Main.storyboard in Resources */,
				F2AFBFEB266EA8290097F961 /* GameScene.sks in Resources */,
				F21FD8192696674600D40CC8 /* finalGame.wav in Resources */,
				F2AFBFF6266EA82D0097F961 /* Assets.xcassets in Resources */,
				F21FD8182696674600D40CC8 /* fundoGameSoccer.mp3 in Resources */,
				F2AFBFED266EA8290097F961 /* Actions.sks in Resources */,
			);
			runOnlyForDeploymentPostprocessing = 0;
		};
/* End PBXResourcesBuildPhase section */

/* Begin PBXSourcesBuildPhase section */
		F2AFBFE1266EA8290097F961 /* Sources */ = {
			isa = PBXSourcesBuildPhase;
			buildActionMask = 2147483647;
			files = (
				F2AFBFFF266EA8A50097F961 /* MenuScreen.swift in Sources */,
				F2AFBFEF266EA8290097F961 /* GameScene.swift in Sources */,
				F2AFBFF1266EA8290097F961 /* GameViewController.swift in Sources */,
				F2AFBFE9266EA8290097F961 /* AppDelegate.swift in Sources */,
			);
			runOnlyForDeploymentPostprocessing = 0;
		};
/* End PBXSourcesBuildPhase section */

/* Begin PBXVariantGroup section */
		F2AFBFF2266EA8290097F961 /* Main.storyboard */ = {
			isa = PBXVariantGroup;
			children = (
				F2AFBFF3266EA8290097F961 /* Base */,
			);
			name = Main.storyboard;
			sourceTree = "<group>";
		};
/* End PBXVariantGroup section */

/* Begin XCBuildConfiguration section */
		F2AFBFF8266EA82D0097F961 /* Debug */ = {
			isa = XCBuildConfiguration;
			buildSettings = {
				ALWAYS_SEARCH_USER_PATHS = NO;
				CLANG_ANALYZER_NONNULL = YES;
				CLANG_ANALYZER_NUMBER_OBJECT_CONVERSION = YES_AGGRESSIVE;
				CLANG_CXX_LANGUAGE_STANDARD = "gnu++14";
				CLANG_CXX_LIBRARY = "libc++";
				CLANG_ENABLE_MODULES = YES;
				CLANG_ENABLE_OBJC_ARC = YES;
				CLANG_ENABLE_OBJC_WEAK = YES;
				CLANG_WARN_BLOCK_CAPTURE_AUTORELEASING = YES;
				CLANG_WARN_BOOL_CONVERSION = YES;
				CLANG_WARN_COMMA = YES;
				CLANG_WARN_CONSTANT_CONVERSION = YES;
				CLANG_WARN_DEPRECATED_OBJC_IMPLEMENTATIONS = YES;
				CLANG_WARN_DIRECT_OBJC_ISA_USAGE = YES_ERROR;
				CLANG_WARN_DOCUMENTATION_COMMENTS = YES;
				CLANG_WARN_EMPTY_BODY = YES;
				CLANG_WARN_ENUM_CONVERSION = YES;
				CLANG_WARN_INFINITE_RECURSION = YES;
				CLANG_WARN_INT_CONVERSION = YES;
				CLANG_WARN_NON_LITERAL_NULL_CONVERSION = YES;
				CLANG_WARN_OBJC_IMPLICIT_RETAIN_SELF = YES;
				CLANG_WARN_OBJC_LITERAL_CONVERSION = YES;
				CLANG_WARN_OBJC_ROOT_CLASS = YES_ERROR;
				CLANG_WARN_QUOTED_INCLUDE_IN_FRAMEWORK_HEADER = YES;
				CLANG_WARN_RANGE_LOOP_ANALYSIS = YES;
				CLANG_WARN_STRICT_PROTOTYPES = YES;
				CLANG_WARN_SUSPICIOUS_MOVE = YES;
				CLANG_WARN_UNGUARDED_AVAILABILITY = YES_AGGRESSIVE;
				CLANG_WARN_UNREACHABLE_CODE = YES;
				CLANG_WARN__DUPLICATE_METHOD_MATCH = YES;
				COPY_PHASE_STRIP = NO;
				DEBUG_INFORMATION_FORMAT = dwarf;
				ENABLE_STRICT_OBJC_MSGSEND = YES;
				ENABLE_TESTABILITY = YES;
				GCC_C_LANGUAGE_STANDARD = gnu11;
				GCC_DYNAMIC_NO_PIC = NO;
				GCC_NO_COMMON_BLOCKS = YES;
				GCC_OPTIMIZATION_LEVEL = 0;
				GCC_PREPROCESSOR_DEFINITIONS = (
					"DEBUG=1",
					"$(inherited)",
				);
				GCC_WARN_64_TO_32_BIT_CONVERSION = YES;
				GCC_WARN_ABOUT_RETURN_TYPE = YES_ERROR;
				GCC_WARN_UNDECLARED_SELECTOR = YES;
				GCC_WARN_UNINITIALIZED_AUTOS = YES_AGGRESSIVE;
				GCC_WARN_UNUSED_FUNCTION = YES;
				GCC_WARN_UNUSED_VARIABLE = YES;
				IPHONEOS_DEPLOYMENT_TARGET = 14.4;
				MTL_ENABLE_DEBUG_INFO = INCLUDE_SOURCE;
				MTL_FAST_MATH = YES;
				ONLY_ACTIVE_ARCH = YES;
				SDKROOT = iphoneos;
				SWIFT_ACTIVE_COMPILATION_CONDITIONS = DEBUG;
				SWIFT_OPTIMIZATION_LEVEL = "-Onone";
			};
			name = Debug;
		};
		F2AFBFF9266EA82D0097F961 /* Release */ = {
			isa = XCBuildConfiguration;
			buildSettings = {
				ALWAYS_SEARCH_USER_PATHS = NO;
				CLANG_ANALYZER_NONNULL = YES;
				CLANG_ANALYZER_NUMBER_OBJECT_CONVERSION = YES_AGGRESSIVE;
				CLANG_CXX_LANGUAGE_STANDARD = "gnu++14";
				CLANG_CXX_LIBRARY = "libc++";
				CLANG_ENABLE_MODULES = YES;
				CLANG_ENABLE_OBJC_ARC = YES;
				CLANG_ENABLE_OBJC_WEAK = YES;
				CLANG_WARN_BLOCK_CAPTURE_AUTORELEASING = YES;
				CLANG_WARN_BOOL_CONVERSION = YES;
				CLANG_WARN_COMMA = YES;
				CLANG_WARN_CONSTANT_CONVERSION = YES;
				CLANG_WARN_DEPRECATED_OBJC_IMPLEMENTATIONS = YES;
				CLANG_WARN_DIRECT_OBJC_ISA_USAGE = YES_ERROR;
				CLANG_WARN_DOCUMENTATION_COMMENTS = YES;
				CLANG_WARN_EMPTY_BODY = YES;
				CLANG_WARN_ENUM_CONVERSION = YES;
				CLANG_WARN_INFINITE_RECURSION = YES;
				CLANG_WARN_INT_CONVERSION = YES;
				CLANG_WARN_NON_LITERAL_NULL_CONVERSION = YES;
				CLANG_WARN_OBJC_IMPLICIT_RETAIN_SELF = YES;
				CLANG_WARN_OBJC_LITERAL_CONVERSION = YES;
				CLANG_WARN_OBJC_ROOT_CLASS = YES_ERROR;
				CLANG_WARN_QUOTED_INCLUDE_IN_FRAMEWORK_HEADER = YES;
				CLANG_WARN_RANGE_LOOP_ANALYSIS = YES;
				CLANG_WARN_STRICT_PROTOTYPES = YES;
				CLANG_WARN_SUSPICIOUS_MOVE = YES;
				CLANG_WARN_UNGUARDED_AVAILABILITY = YES_AGGRESSIVE;
				CLANG_WARN_UNREACHABLE_CODE = YES;
				CLANG_WARN__DUPLICATE_METHOD_MATCH = YES;
				COPY_PHASE_STRIP = NO;
				DEBUG_INFORMATION_FORMAT = "dwarf-with-dsym";
				ENABLE_NS_ASSERTIONS = NO;
				ENABLE_STRICT_OBJC_MSGSEND = YES;
				GCC_C_LANGUAGE_STANDARD = gnu11;
				GCC_NO_COMMON_BLOCKS = YES;
				GCC_WARN_64_TO_32_BIT_CONVERSION = YES;
				GCC_WARN_ABOUT_RETURN_TYPE = YES_ERROR;
				GCC_WARN_UNDECLARED_SELECTOR = YES;
				GCC_WARN_UNINITIALIZED_AUTOS = YES_AGGRESSIVE;
				GCC_WARN_UNUSED_FUNCTION = YES;
				GCC_WARN_UNUSED_VARIABLE = YES;
				IPHONEOS_DEPLOYMENT_TARGET = 14.4;
				MTL_ENABLE_DEBUG_INFO = NO;
				MTL_FAST_MATH = YES;
				SDKROOT = iphoneos;
				SWIFT_COMPILATION_MODE = wholemodule;
				SWIFT_OPTIMIZATION_LEVEL = "-O";
				VALIDATE_PRODUCT = YES;
			};
			name = Release;
		};
		F2AFBFFB266EA82D0097F961 /* Debug */ = {
			isa = XCBuildConfiguration;
			buildSettings = {
				ASSETCATALOG_COMPILER_APPICON_NAME = AppIcon;
				ASSETCATALOG_COMPILER_GLOBAL_ACCENT_COLOR_NAME = AccentColor;
				CODE_SIGN_STYLE = Automatic;
				DEVELOPMENT_TEAM = 5LGVPHY8YW;
				INFOPLIST_FILE = TrabalhoJogos/Info.plist;
				LD_RUNPATH_SEARCH_PATHS = (
					"$(inherited)",
					"@executable_path/Frameworks",
				);
				PRODUCT_BUNDLE_IDENTIFIER = lucasiankowski.TrabalhoJogos;
				PRODUCT_NAME = "$(TARGET_NAME)";
				SWIFT_VERSION = 5.0;
				TARGETED_DEVICE_FAMILY = "1,2";
			};
			name = Debug;
		};
		F2AFBFFC266EA82D0097F961 /* Release */ = {
			isa = XCBuildConfiguration;
			buildSettings = {
				ASSETCATALOG_COMPILER_APPICON_NAME = AppIcon;
				ASSETCATALOG_COMPILER_GLOBAL_ACCENT_COLOR_NAME = AccentColor;
				CODE_SIGN_STYLE = Automatic;
				DEVELOPMENT_TEAM = 5LGVPHY8YW;
				INFOPLIST_FILE = TrabalhoJogos/Info.plist;
				LD_RUNPATH_SEARCH_PATHS = (
					"$(inherited)",
					"@executable_path/Frameworks",
				);
				PRODUCT_BUNDLE_IDENTIFIER = lucasiankowski.TrabalhoJogos;
				PRODUCT_NAME = "$(TARGET_NAME)";
				SWIFT_VERSION = 5.0;
				TARGETED_DEVICE_FAMILY = "1,2";
			};
			name = Release;
		};
/* End XCBuildConfiguration section */

/* Begin XCConfigurationList section */
		F2AFBFE0266EA8280097F961 /* Build configuration list for PBXProject "TrabalhoJogos" */ = {
			isa = XCConfigurationList;
			buildConfigurations = (
				F2AFBFF8266EA82D0097F961 /* Debug */,
				F2AFBFF9266EA82D0097F961 /* Release */,
			);
			defaultConfigurationIsVisible = 0;
			defaultConfigurationName = Release;
		};
		F2AFBFFA266EA82D0097F961 /* Build configuration list for PBXNativeTarget "TrabalhoJogos" */ = {
			isa = XCConfigurationList;
			buildConfigurations = (
				F2AFBFFB266EA82D0097F961 /* Debug */,
				F2AFBFFC266EA82D0097F961 /* Release */,
			);
			defaultConfigurationIsVisible = 0;
			defaultConfigurationName = Release;
		};
/* End XCConfigurationList section */
	};
	rootObject = F2AFBFDD266EA8280097F961 /* Project object */;
}
